
Microsoft Visual Studio Solution File, Format Version 12.00
# Visual Studio 15
VisualStudioVersion = 15.0.26430.6
MinimumVisualStudioVersion = 10.0.40219.1
Project("{FAE04EC0-301F-11D3-BF4B-00C04F79EFBC}") = "Web.Api", "Web.Api\Web.Api.csproj", "{8A388C5B-20F7-44A8-913D-CF54570093FD}"
EndProject
Project("{E53339B2-1760-4266-BCC7-CA923CBCF16C}") = "docker-compose", "docker-compose.dcproj", "{AD4EB94A-0D80-42FB-8DCE-C849D1AF2F84}"
EndProject
Project("{FAE04EC0-301F-11D3-BF4B-00C04F79EFBC}") = "Shared.Web.Api", "Shared.Web.Api\Shared.Web.Api.csproj", "{5FA49DE1-F9AD-4BB6-A032-649172706750}"
EndProject
Global
	GlobalSection(SolutionConfigurationPlatforms) = preSolution
		Debug|Any CPU = Debug|Any CPU
		Release|Any CPU = Release|Any CPU
	EndGlobalSection
	GlobalSection(ProjectConfigurationPlatforms) = postSolution
		{8A388C5B-20F7-44A8-913D-CF54570093FD}.Debug|Any CPU.ActiveCfg = Debug|Any CPU
		{8A388C5B-20F7-44A8-913D-CF54570093FD}.Debug|Any CPU.Build.0 = Debug|Any CPU
		{8A388C5B-20F7-44A8-913D-CF54570093FD}.Release|Any CPU.ActiveCfg = Release|Any CPU
		{8A388C5B-20F7-44A8-913D-CF54570093FD}.Release|Any CPU.Build.0 = Release|Any CPU
		{AD4EB94A-0D80-42FB-8DCE-C849D1AF2F84}.Debug|Any CPU.ActiveCfg = Debug|Any CPU
		{AD4EB94A-0D80-42FB-8DCE-C849D1AF2F84}.Debug|Any CPU.Build.0 = Debug|Any CPU
		{AD4EB94A-0D80-42FB-8DCE-C849D1AF2F84}.Release|Any CPU.ActiveCfg = Release|Any CPU
		{AD4EB94A-0D80-42FB-8DCE-C849D1AF2F84}.Release|Any CPU.Build.0 = Release|Any CPU
		{5FA49DE1-F9AD-4BB6-A032-649172706750}.Debug|Any CPU.ActiveCfg = Debug|Any CPU
		{5FA49DE1-F9AD-4BB6-A032-649172706750}.Debug|Any CPU.Build.0 = Debug|Any CPU
		{5FA49DE1-F9AD-4BB6-A032-649172706750}.Release|Any CPU.ActiveCfg = Release|Any CPU
		{5FA49DE1-F9AD-4BB6-A032-649172706750}.Release|Any CPU.Build.0 = Release|Any CPU
	EndGlobalSection
	GlobalSection(SolutionProperties) = preSolution
		HideSolutionNode = FALSE
	EndGlobalSection
EndGlobal
